# THIS IS AN AUTOGENERATED FILE. DO NOT EDIT THIS FILE DIRECTLY.
# yarn lockfile v1


three.js@^0.77.1:
  version "0.77.1"
  resolved "https://registry.yarnpkg.com/three.js/-/three.js-0.77.1.tgz#07858a8749e4b627a31083252a2d987776cca32a"
  integrity sha512-lVMYlBXhhHlZtsF+cQdev6WCm2fSWs3I+A6Z63j6TBmkVXOYgdo9AUCRemfsw5mllqWx23VubJ5Qt8/uWKQpJA==
  dependencies:
    three "0.77.0"

three@0.77.0:
  version "0.77.0"
  resolved "https://registry.yarnpkg.com/three/-/three-0.77.0.tgz#8b0b1b00047689ceaa020d480a562ca60d87ff37"
  integrity sha512-YWEp8ahs2l+6fAFVbanLVQoSBwVq5jDct3nZdBSHHXb5I/w5oy/LCMAzIOAguKWclRqcjR4W1BeP5QBnftGbpA==
